
Microsoft Visual Studio Solution File, Format Version 12.00
Project("{FAE04EC0-301F-11D3-BF4B-00C04F79EFBC}") = "Birk.Client.Bestilling", "Birk.Client.Bestilling\Birk.Client.Bestilling.csproj", "{AFA8C7DC-6A79-4851-8C97-F4873E8B8353}"
EndProject
Global
	GlobalSection(SolutionConfigurationPlatforms) = preSolution
		Debug|Any CPU = Debug|Any CPU
		Release|Any CPU = Release|Any CPU
	EndGlobalSection
	GlobalSection(ProjectConfigurationPlatforms) = postSolution
		{AFA8C7DC-6A79-4851-8C97-F4873E8B8353}.Debug|Any CPU.ActiveCfg = Debug|Any CPU
		{AFA8C7DC-6A79-4851-8C97-F4873E8B8353}.Debug|Any CPU.Build.0 = Debug|Any CPU
		{AFA8C7DC-6A79-4851-8C97-F4873E8B8353}.Release|Any CPU.ActiveCfg = Release|Any CPU
		{AFA8C7DC-6A79-4851-8C97-F4873E8B8353}.Release|Any CPU.Build.0 = Release|Any CPU
	EndGlobalSection
EndGlobal
